// !$*UTF8*$!
{
	archiveVersion = 1;
	classes = {
	};
	objectVersion = 50;
	objects = {

/* Begin PBXBuildFile section */
		1839B1EF250F24110019DC75 /* AppDelegate.m in Sources */ = {isa = PBXBuildFile; fileRef = 1839B1EE250F24110019DC75 /* AppDelegate.m */; };
		1839B1F2250F24110019DC75 /* SceneDelegate.m in Sources */ = {isa = PBXBuildFile; fileRef = 1839B1F1250F24110019DC75 /* SceneDelegate.m */; };
		1839B1F5250F24110019DC75 /* ViewController.m in Sources */ = {isa = PBXBuildFile; fileRef = 1839B1F4250F24110019DC75 /* ViewController.m */; };
		1839B1F8250F24110019DC75 /* Main.storyboard in Resources */ = {isa = PBXBuildFile; fileRef = 1839B1F6250F24110019DC75 /* Main.storyboard */; };
		1839B1FA250F24130019DC75 /* Assets.xcassets in Resources */ = {isa = PBXBuildFile; fileRef = 1839B1F9250F24130019DC75 /* Assets.xcassets */; };
		1839B1FD250F24130019DC75 /* LaunchScreen.storyboard in Resources */ = {isa = PBXBuildFile; fileRef = 1839B1FB250F24130019DC75 /* LaunchScreen.storyboard */; };
		1839B200250F24130019DC75 /* main.m in Sources */ = {isa = PBXBuildFile; fileRef = 1839B1FF250F24130019DC75 /* main.m */; };
		1839B20A250F24130019DC75 /* _____Tests.m in Sources */ = {isa = PBXBuildFile; fileRef = 1839B209250F24130019DC75 /* _____Tests.m */; };
		1839B215250F24130019DC75 /* _____UITests.m in Sources */ = {isa = PBXBuildFile; fileRef = 1839B214250F24130019DC75 /* _____UITests.m */; };
		243F5DF58549EDFB6E302DE1 /* libPods-时间选择器.a in Frameworks */ = {isa = PBXBuildFile; fileRef = 73A976AEA578B9D1AF2A8E49 /* libPods-时间选择器.a */; };
/* End PBXBuildFile section */

/* Begin PBXContainerItemProxy section */
		1839B206250F24130019DC75 /* PBXContainerItemProxy */ = {
			isa = PBXContainerItemProxy;
			containerPortal = 1839B1E2250F24110019DC75 /* Project object */;
			proxyType = 1;
			remoteGlobalIDString = 1839B1E9250F24110019DC75;
			remoteInfo = "时间选择器";
		};
		1839B211250F24130019DC75 /* PBXContainerItemProxy */ = {
			isa = PBXContainerItemProxy;
			containerPortal = 1839B1E2250F24110019DC75 /* Project object */;
			proxyType = 1;
			remoteGlobalIDString = 1839B1E9250F24110019DC75;
			remoteInfo = "时间选择器";
		};
/* End PBXContainerItemProxy section */

/* Begin PBXFileReference section */
		1839B1EA250F24110019DC75 /* 时间选择器.app */ = {isa = PBXFileReference; explicitFileType = wrapper.application; includeInIndex = 0; path = "时间选择器.app"; sourceTree = BUILT_PRODUCTS_DIR; };
		1839B1ED250F24110019DC75 /* AppDelegate.h */ = {isa = PBXFileReference; lastKnownFileType = sourcecode.c.h; path = AppDelegate.h; sourceTree = "<group>"; };
		1839B1EE250F24110019DC75 /* AppDelegate.m */ = {isa = PBXFileReference; lastKnownFileType = sourcecode.c.objc; path = AppDelegate.m; sourceTree = "<group>"; };
		1839B1F0250F24110019DC75 /* SceneDelegate.h */ = {isa = PBXFileReference; lastKnownFileType = sourcecode.c.h; path = SceneDelegate.h; sourceTree = "<group>"; };
		1839B1F1250F24110019DC75 /* SceneDelegate.m */ = {isa = PBXFileReference; lastKnownFileType = sourcecode.c.objc; path = SceneDelegate.m; sourceTree = "<group>"; };
		1839B1F3250F24110019DC75 /* ViewController.h */ = {isa = PBXFileReference; lastKnownFileType = sourcecode.c.h; path = ViewController.h; sourceTree = "<group>"; };
		1839B1F4250F24110019DC75 /* ViewController.m */ = {isa = PBXFileReference; lastKnownFileType = sourcecode.c.objc; path = ViewController.m; sourceTree = "<group>"; };
		1839B1F7250F24110019DC75 /* Base */ = {isa = PBXFileReference; lastKnownFileType = file.storyboard; name = Base; path = Base.lproj/Main.storyboard; sourceTree = "<group>"; };
		1839B1F9250F24130019DC75 /* Assets.xcassets */ = {isa = PBXFileReference; lastKnownFileType = folder.assetcatalog; path = Assets.xcassets; sourceTree = "<group>"; };
		1839B1FC250F24130019DC75 /* Base */ = {isa = PBXFileReference; lastKnownFileType = file.storyboard; name = Base; path = Base.lproj/LaunchScreen.storyboard; sourceTree = "<group>"; };
		1839B1FE250F24130019DC75 /* Info.plist */ = {isa = PBXFileReference; lastKnownFileType = text.plist.xml; path = Info.plist; sourceTree = "<group>"; };
		1839B1FF250F24130019DC75 /* main.m */ = {isa = PBXFileReference; lastKnownFileType = sourcecode.c.objc; path = main.m; sourceTree = "<group>"; };
		1839B205250F24130019DC75 /* 时间选择器Tests.xctest */ = {isa = PBXFileReference; explicitFileType = wrapper.cfbundle; includeInIndex = 0; path = "时间选择器Tests.xctest"; sourceTree = BUILT_PRODUCTS_DIR; };
		1839B209250F24130019DC75 /* _____Tests.m */ = {isa = PBXFileReference; lastKnownFileType = sourcecode.c.objc; path = _____Tests.m; sourceTree = "<group>"; };
		1839B20B250F24130019DC75 /* Info.plist */ = {isa = PBXFileReference; lastKnownFileType = text.plist.xml; path = Info.plist; sourceTree = "<group>"; };
		1839B210250F24130019DC75 /* 时间选择器UITests.xctest */ = {isa = PBXFileReference; explicitFileType = wrapper.cfbundle; includeInIndex = 0; path = "时间选择器UITests.xctest"; sourceTree = BUILT_PRODUCTS_DIR; };
		1839B214250F24130019DC75 /* _____UITests.m */ = {isa = PBXFileReference; lastKnownFileType = sourcecode.c.objc; path = _____UITests.m; sourceTree = "<group>"; };
		1839B216250F24130019DC75 /* Info.plist */ = {isa = PBXFileReference; lastKnownFileType = text.plist.xml; path = Info.plist; sourceTree = "<group>"; };
		73A976AEA578B9D1AF2A8E49 /* libPods-时间选择器.a */ = {isa = PBXFileReference; explicitFileType = archive.ar; includeInIndex = 0; path = "libPods-时间选择器.a"; sourceTree = BUILT_PRODUCTS_DIR; };
		E3CF7177C6F3EA64161DDDDB /* Pods-时间选择器.debug.xcconfig */ = {isa = PBXFileReference; includeInIndex = 1; lastKnownFileType = text.xcconfig; name = "Pods-时间选择器.debug.xcconfig"; path = "Target Support Files/Pods-时间选择器/Pods-时间选择器.debug.xcconfig"; sourceTree = "<group>"; };
		F08F62248218A6DEE8D2D850 /* Pods-时间选择器.release.xcconfig */ = {isa = PBXFileReference; includeInIndex = 1; lastKnownFileType = text.xcconfig; name = "Pods-时间选择器.release.xcconfig"; path = "Target Support Files/Pods-时间选择器/Pods-时间选择器.release.xcconfig"; sourceTree = "<group>"; };
/* End PBXFileReference section */

/* Begin PBXFrameworksBuildPhase section */
		1839B1E7250F24110019DC75 /* Frameworks */ = {
			isa = PBXFrameworksBuildPhase;
			buildActionMask = 2147483647;
			files = (
				243F5DF58549EDFB6E302DE1 /* libPods-时间选择器.a in Frameworks */,
			);
			runOnlyForDeploymentPostprocessing = 0;
		};
		1839B202250F24130019DC75 /* Frameworks */ = {
			isa = PBXFrameworksBuildPhase;
			buildActionMask = 2147483647;
			files = (
			);
			runOnlyForDeploymentPostprocessing = 0;
		};
		1839B20D250F24130019DC75 /* Frameworks */ = {
			isa = PBXFrameworksBuildPhase;
			buildActionMask = 2147483647;
			files = (
			);
			runOnlyForDeploymentPostprocessing = 0;
		};
/* End PBXFrameworksBuildPhase section */

/* Begin PBXGroup section */
		1839B1E1250F24110019DC75 = {
			isa = PBXGroup;
			children = (
				1839B1EC250F24110019DC75 /* 时间选择器 */,
				1839B208250F24130019DC75 /* 时间选择器Tests */,
				1839B213250F24130019DC75 /* 时间选择器UITests */,
				1839B1EB250F24110019DC75 /* Products */,
				43236BDBB7DFE547C32C0E06 /* Pods */,
				5705441C90DAFFFF5264177F /* Frameworks */,
			);
			sourceTree = "<group>";
		};
		1839B1EB250F24110019DC75 /* Products */ = {
			isa = PBXGroup;
			children = (
				1839B1EA250F24110019DC75 /* 时间选择器.app */,
				1839B205250F24130019DC75 /* 时间选择器Tests.xctest */,
				1839B210250F24130019DC75 /* 时间选择器UITests.xctest */,
			);
			name = Products;
			sourceTree = "<group>";
		};
		1839B1EC250F24110019DC75 /* 时间选择器 */ = {
			isa = PBXGroup;
			children = (
				1839B1ED250F24110019DC75 /* AppDelegate.h */,
				1839B1EE250F24110019DC75 /* AppDelegate.m */,
				1839B1F0250F24110019DC75 /* SceneDelegate.h */,
				1839B1F1250F24110019DC75 /* SceneDelegate.m */,
				1839B1F3250F24110019DC75 /* ViewController.h */,
				1839B1F4250F24110019DC75 /* ViewController.m */,
				1839B1F6250F24110019DC75 /* Main.storyboard */,
				1839B1F9250F24130019DC75 /* Assets.xcassets */,
				1839B1FB250F24130019DC75 /* LaunchScreen.storyboard */,
				1839B1FE250F24130019DC75 /* Info.plist */,
				1839B1FF250F24130019DC75 /* main.m */,
			);
			path = "时间选择器";
			sourceTree = "<group>";
		};
		1839B208250F24130019DC75 /* 时间选择器Tests */ = {
			isa = PBXGroup;
			children = (
				1839B209250F24130019DC75 /* _____Tests.m */,
				1839B20B250F24130019DC75 /* Info.plist */,
			);
			path = "时间选择器Tests";
			sourceTree = "<group>";
		};
		1839B213250F24130019DC75 /* 时间选择器UITests */ = {
			isa = PBXGroup;
			children = (
				1839B214250F24130019DC75 /* _____UITests.m */,
				1839B216250F24130019DC75 /* Info.plist */,
			);
			path = "时间选择器UITests";
			sourceTree = "<group>";
		};
		43236BDBB7DFE547C32C0E06 /* Pods */ = {
			isa = PBXGroup;
			children = (
				E3CF7177C6F3EA64161DDDDB /* Pods-时间选择器.debug.xcconfig */,
				F08F62248218A6DEE8D2D850 /* Pods-时间选择器.release.xcconfig */,
			);
			name = Pods;
			path = Pods;
			sourceTree = "<group>";
		};
		5705441C90DAFFFF5264177F /* Frameworks */ = {
			isa = PBXGroup;
			children = (
				73A976AEA578B9D1AF2A8E49 /* libPods-时间选择器.a */,
			);
			name = Frameworks;
			sourceTree = "<group>";
		};
/* End PBXGroup section */

/* Begin PBXNativeTarget section */
		1839B1E9250F24110019DC75 /* 时间选择器 */ = {
			isa = PBXNativeTarget;
			buildConfigurationList = 1839B219250F24130019DC75 /* Build configuration list for PBXNativeTarget "时间选择器" */;
			buildPhases = (
				19C9D0035CEEE56E6FF50D2E /* [CP] Check Pods Manifest.lock */,
				1839B1E6250F24110019DC75 /* Sources */,
				1839B1E7250F24110019DC75 /* Frameworks */,
				1839B1E8250F24110019DC75 /* Resources */,
				0EA66365A3AECB107BFFD87D /* [CP] Copy Pods Resources */,
			);
			buildRules = (
			);
			dependencies = (
			);
			name = "时间选择器";
			productName = "时间选择器";
			productReference = 1839B1EA250F24110019DC75 /* 时间选择器.app */;
			productType = "com.apple.product-type.application";
		};
		1839B204250F24130019DC75 /* 时间选择器Tests */ = {
			isa = PBXNativeTarget;
			buildConfigurationList = 1839B21C250F24130019DC75 /* Build configuration list for PBXNativeTarget "时间选择器Tests" */;
			buildPhases = (
				1839B201250F24130019DC75 /* Sources */,
				1839B202250F24130019DC75 /* Frameworks */,
				1839B203250F24130019DC75 /* Resources */,
			);
			buildRules = (
			);
			dependencies = (
				1839B207250F24130019DC75 /* PBXTargetDependency */,
			);
			name = "时间选择器Tests";
			productName = "时间选择器Tests";
			productReference = 1839B205250F24130019DC75 /* 时间选择器Tests.xctest */;
			productType = "com.apple.product-type.bundle.unit-test";
		};
		1839B20F250F24130019DC75 /* 时间选择器UITests */ = {
			isa = PBXNativeTarget;
			buildConfigurationList = 1839B21F250F24130019DC75 /* Build configuration list for PBXNativeTarget "时间选择器UITests" */;
			buildPhases = (
				1839B20C250F24130019DC75 /* Sources */,
				1839B20D250F24130019DC75 /* Frameworks */,
				1839B20E250F24130019DC75 /* Resources */,
			);
			buildRules = (
			);
			dependencies = (
				1839B212250F24130019DC75 /* PBXTargetDependency */,
			);
			name = "时间选择器UITests";
			productName = "时间选择器UITests";
			productReference = 1839B210250F24130019DC75 /* 时间选择器UITests.xctest */;
			productType = "com.apple.product-type.bundle.ui-testing";
		};
/* End PBXNativeTarget section */

/* Begin PBXProject section */
		1839B1E2250F24110019DC75 /* Project object */ = {
			isa = PBXProject;
			attributes = {
				LastUpgradeCheck = 1160;
				ORGANIZATIONNAME = apple;
				TargetAttributes = {
					1839B1E9250F24110019DC75 = {
						CreatedOnToolsVersion = 11.6;
					};
					1839B204250F24130019DC75 = {
						CreatedOnToolsVersion = 11.6;
						TestTargetID = 1839B1E9250F24110019DC75;
					};
					1839B20F250F24130019DC75 = {
						CreatedOnToolsVersion = 11.6;
						TestTargetID = 1839B1E9250F24110019DC75;
					};
				};
			};
			buildConfigurationList = 1839B1E5250F24110019DC75 /* Build configuration list for PBXProject "时间选择器" */;
			compatibilityVersion = "Xcode 9.3";
			developmentRegion = en;
			hasScannedForEncodings = 0;
			knownRegions = (
				en,
				Base,
			);
			mainGroup = 1839B1E1250F24110019DC75;
			productRefGroup = 1839B1EB250F24110019DC75 /* Products */;
			projectDirPath = "";
			projectRoot = "";
			targets = (
				1839B1E9250F24110019DC75 /* 时间选择器 */,
				1839B204250F24130019DC75 /* 时间选择器Tests */,
				1839B20F250F24130019DC75 /* 时间选择器UITests */,
			);
		};
/* End PBXProject section */

/* Begin PBXResourcesBuildPhase section */
		1839B1E8250F24110019DC75 /* Resources */ = {
			isa = PBXResourcesBuildPhase;
			buildActionMask = 2147483647;
			files = (
				1839B1FD250F24130019DC75 /* LaunchScreen.storyboard in Resources */,
				1839B1FA250F24130019DC75 /* Assets.xcassets in Resources */,
				1839B1F8250F24110019DC75 /* Main.storyboard in Resources */,
			);
			runOnlyForDeploymentPostprocessing = 0;
		};
		1839B203250F24130019DC75 /* Resources */ = {
			isa = PBXResourcesBuildPhase;
			buildActionMask = 2147483647;
			files = (
			);
			runOnlyForDeploymentPostprocessing = 0;
		};
		1839B20E250F24130019DC75 /* Resources */ = {
			isa = PBXResourcesBuildPhase;
			buildActionMask = 2147483647;
			files = (
			);
			runOnlyForDeploymentPostprocessing = 0;
		};
/* End PBXResourcesBuildPhase section */

/* Begin PBXShellScriptBuildPhase section */
		0EA66365A3AECB107BFFD87D /* [CP] Copy Pods Resources */ = {
			isa = PBXShellScriptBuildPhase;
			buildActionMask = 2147483647;
			files = (
			);
			inputFileListPaths = (
				"${PODS_ROOT}/Target Support Files/Pods-时间选择器/Pods-时间选择器-resources-${CONFIGURATION}-input-files.xcfilelist",
			);
			name = "[CP] Copy Pods Resources";
			outputFileListPaths = (
				"${PODS_ROOT}/Target Support Files/Pods-时间选择器/Pods-时间选择器-resources-${CONFIGURATION}-output-files.xcfilelist",
			);
			runOnlyForDeploymentPostprocessing = 0;
			shellPath = /bin/sh;
			shellScript = "\"${PODS_ROOT}/Target Support Files/Pods-时间选择器/Pods-时间选择器-resources.sh\"\n";
			showEnvVarsInLog = 0;
		};
		19C9D0035CEEE56E6FF50D2E /* [CP] Check Pods Manifest.lock */ = {
			isa = PBXShellScriptBuildPhase;
			buildActionMask = 2147483647;
			files = (
			);
			inputFileListPaths = (
			);
			inputPaths = (
				"${PODS_PODFILE_DIR_PATH}/Podfile.lock",
				"${PODS_ROOT}/Manifest.lock",
			);
			name = "[CP] Check Pods Manifest.lock";
			outputFileListPaths = (
			);
			outputPaths = (
				"$(DERIVED_FILE_DIR)/Pods-时间选择器-checkManifestLockResult.txt",
			);
			runOnlyForDeploymentPostprocessing = 0;
			shellPath = /bin/sh;
			shellScript = "diff \"${PODS_PODFILE_DIR_PATH}/Podfile.lock\" \"${PODS_ROOT}/Manifest.lock\" > /dev/null\nif [ $? != 0 ] ; then\n    # print error to STDERR\n    echo \"error: The sandbox is not in sync with the Podfile.lock. Run 'pod install' or update your CocoaPods installation.\" >&2\n    exit 1\nfi\n# This output is used by Xcode 'outputs' to avoid re-running this script phase.\necho \"SUCCESS\" > \"${SCRIPT_OUTPUT_FILE_0}\"\n";
			showEnvVarsInLog = 0;
		};
/* End PBXShellScriptBuildPhase section */

/* Begin PBXSourcesBuildPhase section */
		1839B1E6250F24110019DC75 /* Sources */ = {
			isa = PBXSourcesBuildPhase;
			buildActionMask = 2147483647;
			files = (
				1839B1F5250F24110019DC75 /* ViewController.m in Sources */,
				1839B1EF250F24110019DC75 /* AppDelegate.m in Sources */,
				1839B200250F24130019DC75 /* main.m in Sources */,
				1839B1F2250F24110019DC75 /* SceneDelegate.m in Sources */,
			);
			runOnlyForDeploymentPostprocessing = 0;
		};
		1839B201250F24130019DC75 /* Sources */ = {
			isa = PBXSourcesBuildPhase;
			buildActionMask = 2147483647;
			files = (
				1839B20A250F24130019DC75 /* _____Tests.m in Sources */,
			);
			runOnlyForDeploymentPostprocessing = 0;
		};
		1839B20C250F24130019DC75 /* Sources */ = {
			isa = PBXSourcesBuildPhase;
			buildActionMask = 2147483647;
			files = (
				1839B215250F24130019DC75 /* _____UITests.m in Sources */,
			);
			runOnlyForDeploymentPostprocessing = 0;
		};
/* End PBXSourcesBuildPhase section */

/* Begin PBXTargetDependency section */
		1839B207250F24130019DC75 /* PBXTargetDependency */ = {
			isa = PBXTargetDependency;
			target = 1839B1E9250F24110019DC75 /* 时间选择器 */;
			targetProxy = 1839B206250F24130019DC75 /* PBXContainerItemProxy */;
		};
		1839B212250F24130019DC75 /* PBXTargetDependency */ = {
			isa = PBXTargetDependency;
			target = 1839B1E9250F24110019DC75 /* 时间选择器 */;
			targetProxy = 1839B211250F24130019DC75 /* PBXContainerItemProxy */;
		};
/* End PBXTargetDependency section */

/* Begin PBXVariantGroup section */
		1839B1F6250F24110019DC75 /* Main.storyboard */ = {
			isa = PBXVariantGroup;
			children = (
				1839B1F7250F24110019DC75 /* Base */,
			);
			name = Main.storyboard;
			sourceTree = "<group>";
		};
		1839B1FB250F24130019DC75 /* LaunchScreen.storyboard */ = {
			isa = PBXVariantGroup;
			children = (
				1839B1FC250F24130019DC75 /* Base */,
			);
			name = LaunchScreen.storyboard;
			sourceTree = "<group>";
		};
/* End PBXVariantGroup section */

/* Begin XCBuildConfiguration section */
		1839B217250F24130019DC75 /* Debug */ = {
			isa = XCBuildConfiguration;
			buildSettings = {
				ALWAYS_SEARCH_USER_PATHS = NO;
				CLANG_ANALYZER_NONNULL = YES;
				CLANG_ANALYZER_NUMBER_OBJECT_CONVERSION = YES_AGGRESSIVE;
				CLANG_CXX_LANGUAGE_STANDARD = "gnu++14";
				CLANG_CXX_LIBRARY = "libc++";
				CLANG_ENABLE_MODULES = YES;
				CLANG_ENABLE_OBJC_ARC = YES;
				CLANG_ENABLE_OBJC_WEAK = YES;
				CLANG_WARN_BLOCK_CAPTURE_AUTORELEASING = YES;
				CLANG_WARN_BOOL_CONVERSION = YES;
				CLANG_WARN_COMMA = YES;
				CLANG_WARN_CONSTANT_CONVERSION = YES;
				CLANG_WARN_DEPRECATED_OBJC_IMPLEMENTATIONS = YES;
				CLANG_WARN_DIRECT_OBJC_ISA_USAGE = YES_ERROR;
				CLANG_WARN_DOCUMENTATION_COMMENTS = YES;
				CLANG_WARN_EMPTY_BODY = YES;
				CLANG_WARN_ENUM_CONVERSION = YES;
				CLANG_WARN_INFINITE_RECURSION = YES;
				CLANG_WARN_INT_CONVERSION = YES;
				CLANG_WARN_NON_LITERAL_NULL_CONVERSION = YES;
				CLANG_WARN_OBJC_IMPLICIT_RETAIN_SELF = YES;
				CLANG_WARN_OBJC_LITERAL_CONVERSION = YES;
				CLANG_WARN_OBJC_ROOT_CLASS = YES_ERROR;
				CLANG_WARN_RANGE_LOOP_ANALYSIS = YES;
				CLANG_WARN_STRICT_PROTOTYPES = YES;
				CLANG_WARN_SUSPICIOUS_MOVE = YES;
				CLANG_WARN_UNGUARDED_AVAILABILITY = YES_AGGRESSIVE;
				CLANG_WARN_UNREACHABLE_CODE = YES;
				CLANG_WARN__DUPLICATE_METHOD_MATCH = YES;
				COPY_PHASE_STRIP = NO;
				DEBUG_INFORMATION_FORMAT = dwarf;
				ENABLE_STRICT_OBJC_MSGSEND = YES;
				ENABLE_TESTABILITY = YES;
				GCC_C_LANGUAGE_STANDARD = gnu11;
				GCC_DYNAMIC_NO_PIC = NO;
				GCC_NO_COMMON_BLOCKS = YES;
				GCC_OPTIMIZATION_LEVEL = 0;
				GCC_PREPROCESSOR_DEFINITIONS = (
					"DEBUG=1",
					"$(inherited)",
				);
				GCC_WARN_64_TO_32_BIT_CONVERSION = YES;
				GCC_WARN_ABOUT_RETURN_TYPE = YES_ERROR;
				GCC_WARN_UNDECLARED_SELECTOR = YES;
				GCC_WARN_UNINITIALIZED_AUTOS = YES_AGGRESSIVE;
				GCC_WARN_UNUSED_FUNCTION = YES;
				GCC_WARN_UNUSED_VARIABLE = YES;
				IPHONEOS_DEPLOYMENT_TARGET = 13.6;
				MTL_ENABLE_DEBUG_INFO = INCLUDE_SOURCE;
				MTL_FAST_MATH = YES;
				ONLY_ACTIVE_ARCH = YES;
				SDKROOT = iphoneos;
			};
			name = Debug;
		};
		1839B218250F24130019DC75 /* Release */ = {
			isa = XCBuildConfiguration;
			buildSettings = {
				ALWAYS_SEARCH_USER_PATHS = NO;
				CLANG_ANALYZER_NONNULL = YES;
				CLANG_ANALYZER_NUMBER_OBJECT_CONVERSION = YES_AGGRESSIVE;
				CLANG_CXX_LANGUAGE_STANDARD = "gnu++14";
				CLANG_CXX_LIBRARY = "libc++";
				CLANG_ENABLE_MODULES = YES;
				CLANG_ENABLE_OBJC_ARC = YES;
				CLANG_ENABLE_OBJC_WEAK = YES;
				CLANG_WARN_BLOCK_CAPTURE_AUTORELEASING = YES;
				CLANG_WARN_BOOL_CONVERSION = YES;
				CLANG_WARN_COMMA = YES;
				CLANG_WARN_CONSTANT_CONVERSION = YES;
				CLANG_WARN_DEPRECATED_OBJC_IMPLEMENTATIONS = YES;
				CLANG_WARN_DIRECT_OBJC_ISA_USAGE = YES_ERROR;
				CLANG_WARN_DOCUMENTATION_COMMENTS = YES;
				CLANG_WARN_EMPTY_BODY = YES;
				CLANG_WARN_ENUM_CONVERSION = YES;
				CLANG_WARN_INFINITE_RECURSION = YES;
				CLANG_WARN_INT_CONVERSION = YES;
				CLANG_WARN_NON_LITERAL_NULL_CONVERSION = YES;
				CLANG_WARN_OBJC_IMPLICIT_RETAIN_SELF = YES;
				CLANG_WARN_OBJC_LITERAL_CONVERSION = YES;
				CLANG_WARN_OBJC_ROOT_CLASS = YES_ERROR;
				CLANG_WARN_RANGE_LOOP_ANALYSIS = YES;
				CLANG_WARN_STRICT_PROTOTYPES = YES;
				CLANG_WARN_SUSPICIOUS_MOVE = YES;
				CLANG_WARN_UNGUARDED_AVAILABILITY = YES_AGGRESSIVE;
				CLANG_WARN_UNREACHABLE_CODE = YES;
				CLANG_WARN__DUPLICATE_METHOD_MATCH = YES;
				COPY_PHASE_STRIP = NO;
				DEBUG_INFORMATION_FORMAT = "dwarf-with-dsym";
				ENABLE_NS_ASSERTIONS = NO;
				ENABLE_STRICT_OBJC_MSGSEND = YES;
				GCC_C_LANGUAGE_STANDARD = gnu11;
				GCC_NO_COMMON_BLOCKS = YES;
				GCC_WARN_64_TO_32_BIT_CONVERSION = YES;
				GCC_WARN_ABOUT_RETURN_TYPE = YES_ERROR;
				GCC_WARN_UNDECLARED_SELECTOR = YES;
				GCC_WARN_UNINITIALIZED_AUTOS = YES_AGGRESSIVE;
				GCC_WARN_UNUSED_FUNCTION = YES;
				GCC_WARN_UNUSED_VARIABLE = YES;
				IPHONEOS_DEPLOYMENT_TARGET = 13.6;
				MTL_ENABLE_DEBUG_INFO = NO;
				MTL_FAST_MATH = YES;
				SDKROOT = iphoneos;
				VALIDATE_PRODUCT = YES;
			};
			name = Release;
		};
		1839B21A250F24130019DC75 /* Debug */ = {
			isa = XCBuildConfiguration;
			baseConfigurationReference = E3CF7177C6F3EA64161DDDDB /* Pods-时间选择器.debug.xcconfig */;
			buildSettings = {
				ASSETCATALOG_COMPILER_APPICON_NAME = AppIcon;
				CODE_SIGN_STYLE = Automatic;
				DEVELOPMENT_TEAM = N4686HA3AU;
				INFOPLIST_FILE = "时间选择器/Info.plist";
				LD_RUNPATH_SEARCH_PATHS = (
					"$(inherited)",
					"@executable_path/Frameworks",
				);
				PRODUCT_BUNDLE_IDENTIFIER = "LS.-----";
				PRODUCT_NAME = "$(TARGET_NAME)";
				TARGETED_DEVICE_FAMILY = "1,2";
			};
			name = Debug;
		};
		1839B21B250F24130019DC75 /* Release */ = {
			isa = XCBuildConfiguration;
			baseConfigurationReference = F08F62248218A6DEE8D2D850 /* Pods-时间选择器.release.xcconfig */;
			buildSettings = {
				ASSETCATALOG_COMPILER_APPICON_NAME = AppIcon;
				CODE_SIGN_STYLE = Automatic;
				DEVELOPMENT_TEAM = N4686HA3AU;
				INFOPLIST_FILE = "时间选择器/Info.plist";
				LD_RUNPATH_SEARCH_PATHS = (
					"$(inherited)",
					"@executable_path/Frameworks",
				);
				PRODUCT_BUNDLE_IDENTIFIER = "LS.-----";
				PRODUCT_NAME = "$(TARGET_NAME)";
				TARGETED_DEVICE_FAMILY = "1,2";
			};
			name = Release;
		};
		1839B21D250F24130019DC75 /* Debug */ = {
			isa = XCBuildConfiguration;
			buildSettings = {
				BUNDLE_LOADER = "$(TEST_HOST)";
				CODE_SIGN_STYLE = Automatic;
				DEVELOPMENT_TEAM = N4686HA3AU;
				INFOPLIST_FILE = "时间选择器Tests/Info.plist";
				IPHONEOS_DEPLOYMENT_TARGET = 13.6;
				LD_RUNPATH_SEARCH_PATHS = (
					"$(inherited)",
					"@executable_path/Frameworks",
					"@loader_path/Frameworks",
				);
				PRODUCT_BUNDLE_IDENTIFIER = "LS.-----Tests";
				PRODUCT_NAME = "$(TARGET_NAME)";
				TARGETED_DEVICE_FAMILY = "1,2";
				TEST_HOST = "$(BUILT_PRODUCTS_DIR)/时间选择器.app/时间选择器";
			};
			name = Debug;
		};
		1839B21E250F24130019DC75 /* Release */ = {
			isa = XCBuildConfiguration;
			buildSettings = {
				BUNDLE_LOADER = "$(TEST_HOST)";
				CODE_SIGN_STYLE = Automatic;
				DEVELOPMENT_TEAM = N4686HA3AU;
				INFOPLIST_FILE = "时间选择器Tests/Info.plist";
				IPHONEOS_DEPLOYMENT_TARGET = 13.6;
				LD_RUNPATH_SEARCH_PATHS = (
					"$(inherited)",
					"@executable_path/Frameworks",
					"@loader_path/Frameworks",
				);
				PRODUCT_BUNDLE_IDENTIFIER = "LS.-----Tests";
				PRODUCT_NAME = "$(TARGET_NAME)";
				TARGETED_DEVICE_FAMILY = "1,2";
				TEST_HOST = "$(BUILT_PRODUCTS_DIR)/时间选择器.app/时间选择器";
			};
			name = Release;
		};
		1839B220250F24130019DC75 /* Debug */ = {
			isa = XCBuildConfiguration;
			buildSettings = {
				CODE_SIGN_STYLE = Automatic;
				DEVELOPMENT_TEAM = N4686HA3AU;
				INFOPLIST_FILE = "时间选择器UITests/Info.plist";
				LD_RUNPATH_SEARCH_PATHS = (
					"$(inherited)",
					"@executable_path/Frameworks",
					"@loader_path/Frameworks",
				);
				PRODUCT_BUNDLE_IDENTIFIER = "LS.-----UITests";
				PRODUCT_NAME = "$(TARGET_NAME)";
				TARGETED_DEVICE_FAMILY = "1,2";
				TEST_TARGET_NAME = "时间选择器";
			};
			name = Debug;
		};
		1839B221250F24130019DC75 /* Release */ = {
			isa = XCBuildConfiguration;
			buildSettings = {
				CODE_SIGN_STYLE = Automatic;
				DEVELOPMENT_TEAM = N4686HA3AU;
				INFOPLIST_FILE = "时间选择器UITests/Info.plist";
				LD_RUNPATH_SEARCH_PATHS = (
					"$(inherited)",
					"@executable_path/Frameworks",
					"@loader_path/Frameworks",
				);
				PRODUCT_BUNDLE_IDENTIFIER = "LS.-----UITests";
				PRODUCT_NAME = "$(TARGET_NAME)";
				TARGETED_DEVICE_FAMILY = "1,2";
				TEST_TARGET_NAME = "时间选择器";
			};
			name = Release;
		};
/* End XCBuildConfiguration section */

/* Begin XCConfigurationList section */
		1839B1E5250F24110019DC75 /* Build configuration list for PBXProject "时间选择器" */ = {
			isa = XCConfigurationList;
			buildConfigurations = (
				1839B217250F24130019DC75 /* Debug */,
				1839B218250F24130019DC75 /* Release */,
			);
			defaultConfigurationIsVisible = 0;
			defaultConfigurationName = Release;
		};
		1839B219250F24130019DC75 /* Build configuration list for PBXNativeTarget "时间选择器" */ = {
			isa = XCConfigurationList;
			buildConfigurations = (
				1839B21A250F24130019DC75 /* Debug */,
				1839B21B250F24130019DC75 /* Release */,
			);
			defaultConfigurationIsVisible = 0;
			defaultConfigurationName = Release;
		};
		1839B21C250F24130019DC75 /* Build configuration list for PBXNativeTarget "时间选择器Tests" */ = {
			isa = XCConfigurationList;
			buildConfigurations = (
				1839B21D250F24130019DC75 /* Debug */,
				1839B21E250F24130019DC75 /* Release */,
			);
			defaultConfigurationIsVisible = 0;
			defaultConfigurationName = Release;
		};
		1839B21F250F24130019DC75 /* Build configuration list for PBXNativeTarget "时间选择器UITests" */ = {
			isa = XCConfigurationList;
			buildConfigurations = (
				1839B220250F24130019DC75 /* Debug */,
				1839B221250F24130019DC75 /* Release */,
			);
			defaultConfigurationIsVisible = 0;
			defaultConfigurationName = Release;
		};
/* End XCConfigurationList section */
	};
	rootObject = 1839B1E2250F24110019DC75 /* Project object */;
}
